
Microsoft Visual Studio Solution File, Format Version 12.00
# Visual Studio Version 17
VisualStudioVersion = 17.9.34701.34
MinimumVisualStudioVersion = 10.0.40219.1
Project("{FAE04EC0-301F-11D3-BF4B-00C04F79EFBC}") = "calculadora", "calculadora\calculadora.csproj", "{863203EC-7BF3-4B58-A859-DC4482334AC5}"
EndProject
Global
	GlobalSection(SolutionConfigurationPlatforms) = preSolution
		Debug|Any CPU = Debug|Any CPU
		Release|Any CPU = Release|Any CPU
	EndGlobalSection
	GlobalSection(ProjectConfigurationPlatforms) = postSolution
		{863203EC-7BF3-4B58-A859-DC4482334AC5}.Debug|Any CPU.ActiveCfg = Debug|Any CPU
		{863203EC-7BF3-4B58-A859-DC4482334AC5}.Debug|Any CPU.Build.0 = Debug|Any CPU
		{863203EC-7BF3-4B58-A859-DC4482334AC5}.Release|Any CPU.ActiveCfg = Release|Any CPU
		{863203EC-7BF3-4B58-A859-DC4482334AC5}.Release|Any CPU.Build.0 = Release|Any CPU
	EndGlobalSection
	GlobalSection(SolutionProperties) = preSolution
		HideSolutionNode = FALSE
	EndGlobalSection
	GlobalSection(ExtensibilityGlobals) = postSolution
		SolutionGuid = {EF7B9562-224E-4CA2-A7FD-D0740F0020E8}
	EndGlobalSection
EndGlobal
